
Microsoft Visual Studio Solution File, Format Version 12.00
# Visual Studio 15
VisualStudioVersion = 15.0.27004.2002
MinimumVisualStudioVersion = 10.0.40219.1
Project("{9A19103F-16F7-4668-BE54-9A1E7A4F7556}") = "MotMau.Core", "MotMau.Core\MotMau.Core.csproj", "{2205474B-4BFD-48AD-9146-DDB9323DA72F}"
EndProject
Project("{9A19103F-16F7-4668-BE54-9A1E7A4F7556}") = "MotMau.Data", "MotMau.Data\MotMau.Data.csproj", "{9C5C14B4-24CF-4334-BA3C-84E84DF3D8AE}"
EndProject
Project("{9A19103F-16F7-4668-BE54-9A1E7A4F7556}") = "MotMau.WebApi", "MotMau.WebApi\MotMau.WebApi.csproj", "{EEC605C2-5C36-4786-AC23-5FC725C29D87}"
EndProject
Global
	GlobalSection(SolutionConfigurationPlatforms) = preSolution
		Debug|Any CPU = Debug|Any CPU
		Release|Any CPU = Release|Any CPU
	EndGlobalSection
	GlobalSection(ProjectConfigurationPlatforms) = postSolution
		{2205474B-4BFD-48AD-9146-DDB9323DA72F}.Debug|Any CPU.ActiveCfg = Debug|Any CPU
		{2205474B-4BFD-48AD-9146-DDB9323DA72F}.Debug|Any CPU.Build.0 = Debug|Any CPU
		{2205474B-4BFD-48AD-9146-DDB9323DA72F}.Release|Any CPU.ActiveCfg = Release|Any CPU
		{2205474B-4BFD-48AD-9146-DDB9323DA72F}.Release|Any CPU.Build.0 = Release|Any CPU
		{9C5C14B4-24CF-4334-BA3C-84E84DF3D8AE}.Debug|Any CPU.ActiveCfg = Debug|Any CPU
		{9C5C14B4-24CF-4334-BA3C-84E84DF3D8AE}.Debug|Any CPU.Build.0 = Debug|Any CPU
		{9C5C14B4-24CF-4334-BA3C-84E84DF3D8AE}.Release|Any CPU.ActiveCfg = Release|Any CPU
		{9C5C14B4-24CF-4334-BA3C-84E84DF3D8AE}.Release|Any CPU.Build.0 = Release|Any CPU
		{EEC605C2-5C36-4786-AC23-5FC725C29D87}.Debug|Any CPU.ActiveCfg = Debug|Any CPU
		{EEC605C2-5C36-4786-AC23-5FC725C29D87}.Debug|Any CPU.Build.0 = Debug|Any CPU
		{EEC605C2-5C36-4786-AC23-5FC725C29D87}.Release|Any CPU.ActiveCfg = Release|Any CPU
		{EEC605C2-5C36-4786-AC23-5FC725C29D87}.Release|Any CPU.Build.0 = Release|Any CPU
	EndGlobalSection
	GlobalSection(SolutionProperties) = preSolution
		HideSolutionNode = FALSE
	EndGlobalSection
	GlobalSection(ExtensibilityGlobals) = postSolution
		SolutionGuid = {605D6418-A1CB-4CCD-80D2-60550DC56458}
	EndGlobalSection
EndGlobal
